
Microsoft Visual Studio Solution File, Format Version 12.00
# Visual Studio 14
VisualStudioVersion = 14.0.25420.1
MinimumVisualStudioVersion = 10.0.40219.1
Project("{FAE04EC0-301F-11D3-BF4B-00C04F79EFBC}") = "API", "API\API.csproj", "{69FB5648-4BC4-4532-A4F8-A8CDCFE957ED}"
EndProject
Project("{FAE04EC0-301F-11D3-BF4B-00C04F79EFBC}") = "DataAccess", "DataAccess\DataAccess.csproj", "{9CE4E98D-59A8-47BD-BBE9-9CD7558DD22F}"
EndProject
Global
	GlobalSection(SolutionConfigurationPlatforms) = preSolution
		Debug|Any CPU = Debug|Any CPU
		Release|Any CPU = Release|Any CPU
	EndGlobalSection
	GlobalSection(ProjectConfigurationPlatforms) = postSolution
		{69FB5648-4BC4-4532-A4F8-A8CDCFE957ED}.Debug|Any CPU.ActiveCfg = Debug|Any CPU
		{69FB5648-4BC4-4532-A4F8-A8CDCFE957ED}.Debug|Any CPU.Build.0 = Debug|Any CPU
		{69FB5648-4BC4-4532-A4F8-A8CDCFE957ED}.Release|Any CPU.ActiveCfg = Release|Any CPU
		{69FB5648-4BC4-4532-A4F8-A8CDCFE957ED}.Release|Any CPU.Build.0 = Release|Any CPU
		{9CE4E98D-59A8-47BD-BBE9-9CD7558DD22F}.Debug|Any CPU.ActiveCfg = Debug|Any CPU
		{9CE4E98D-59A8-47BD-BBE9-9CD7558DD22F}.Debug|Any CPU.Build.0 = Debug|Any CPU
		{9CE4E98D-59A8-47BD-BBE9-9CD7558DD22F}.Release|Any CPU.ActiveCfg = Release|Any CPU
		{9CE4E98D-59A8-47BD-BBE9-9CD7558DD22F}.Release|Any CPU.Build.0 = Release|Any CPU
	EndGlobalSection
	GlobalSection(SolutionProperties) = preSolution
		HideSolutionNode = FALSE
	EndGlobalSection
EndGlobal
